// !$*UTF8*$!
{
	archiveVersion = 1;
	classes = {
	};
	objectVersion = 50;
	objects = {

/* Begin PBXBuildFile section */
		8B50514F25726F7200AF76B9 /* AppDelegate.swift in Sources */ = {isa = PBXBuildFile; fileRef = 8B50514E25726F7200AF76B9 /* AppDelegate.swift */; };
		8B50515325726F7200AF76B9 /* ViewController.swift in Sources */ = {isa = PBXBuildFile; fileRef = 8B50515225726F7200AF76B9 /* ViewController.swift */; };
		8B50515625726F7200AF76B9 /* Main.storyboard in Resources */ = {isa = PBXBuildFile; fileRef = 8B50515425726F7200AF76B9 /* Main.storyboard */; };
		8B50515925726F7200AF76B9 /* Movies.xcdatamodeld in Sources */ = {isa = PBXBuildFile; fileRef = 8B50515725726F7200AF76B9 /* Movies.xcdatamodeld */; };
		8B50515B25726F7200AF76B9 /* Assets.xcassets in Resources */ = {isa = PBXBuildFile; fileRef = 8B50515A25726F7200AF76B9 /* Assets.xcassets */; };
		8B50515E25726F7200AF76B9 /* LaunchScreen.storyboard in Resources */ = {isa = PBXBuildFile; fileRef = 8B50515C25726F7200AF76B9 /* LaunchScreen.storyboard */; };
		8B50516925726F7300AF76B9 /* MoviesTests.swift in Sources */ = {isa = PBXBuildFile; fileRef = 8B50516825726F7300AF76B9 /* MoviesTests.swift */; };
		8B50517425726F7300AF76B9 /* MoviesUITests.swift in Sources */ = {isa = PBXBuildFile; fileRef = 8B50517325726F7300AF76B9 /* MoviesUITests.swift */; };
		8B50518F2572737500AF76B9 /* movie-discover.json in Resources */ = {isa = PBXBuildFile; fileRef = 8B50518E2572737500AF76B9 /* movie-discover.json */; };
		8B5051B52572753100AF76B9 /* Parser.swift in Sources */ = {isa = PBXBuildFile; fileRef = 8B5051B42572753100AF76B9 /* Parser.swift */; };
		8B5051B62572753100AF76B9 /* Parser.swift in Sources */ = {isa = PBXBuildFile; fileRef = 8B5051B42572753100AF76B9 /* Parser.swift */; };
		8B5051BF2572758200AF76B9 /* Envelope.swift in Sources */ = {isa = PBXBuildFile; fileRef = 8B5051BE2572758200AF76B9 /* Envelope.swift */; };
		8B5051C02572758200AF76B9 /* Envelope.swift in Sources */ = {isa = PBXBuildFile; fileRef = 8B5051BE2572758200AF76B9 /* Envelope.swift */; };
		8B5051CB257275DE00AF76B9 /* Movie.swift in Sources */ = {isa = PBXBuildFile; fileRef = 8B5051CA257275DE00AF76B9 /* Movie.swift */; };
		8B5051CC257275DE00AF76B9 /* Movie.swift in Sources */ = {isa = PBXBuildFile; fileRef = 8B5051CA257275DE00AF76B9 /* Movie.swift */; };
		8B5051D12572840D00AF76B9 /* search-movies.json in Resources */ = {isa = PBXBuildFile; fileRef = 8B5051D02572840D00AF76B9 /* search-movies.json */; };
		8B5051D22572840D00AF76B9 /* search-movies.json in Resources */ = {isa = PBXBuildFile; fileRef = 8B5051D02572840D00AF76B9 /* search-movies.json */; };
		8B5051D825728AE600AF76B9 /* MovieDetails.swift in Sources */ = {isa = PBXBuildFile; fileRef = 8B5051D725728AE600AF76B9 /* MovieDetails.swift */; };
		8B5051D925728AE600AF76B9 /* MovieDetails.swift in Sources */ = {isa = PBXBuildFile; fileRef = 8B5051D725728AE600AF76B9 /* MovieDetails.swift */; };
		8B5051E125728B3C00AF76B9 /* get-movie-details.json in Resources */ = {isa = PBXBuildFile; fileRef = 8B5051E025728B3C00AF76B9 /* get-movie-details.json */; };
		8B5051E225728B3C00AF76B9 /* get-movie-details.json in Resources */ = {isa = PBXBuildFile; fileRef = 8B5051E025728B3C00AF76B9 /* get-movie-details.json */; };
		8B5051EC25728E5400AF76B9 /* StoredMovie+CoreDataClass.swift in Sources */ = {isa = PBXBuildFile; fileRef = 8B5051EA25728E5400AF76B9 /* StoredMovie+CoreDataClass.swift */; };
		8B5051ED25728E5400AF76B9 /* StoredMovie+CoreDataClass.swift in Sources */ = {isa = PBXBuildFile; fileRef = 8B5051EA25728E5400AF76B9 /* StoredMovie+CoreDataClass.swift */; };
		8B5051EE25728E5400AF76B9 /* StoredMovie+CoreDataProperties.swift in Sources */ = {isa = PBXBuildFile; fileRef = 8B5051EB25728E5400AF76B9 /* StoredMovie+CoreDataProperties.swift */; };
		8B5051EF25728E5400AF76B9 /* StoredMovie+CoreDataProperties.swift in Sources */ = {isa = PBXBuildFile; fileRef = 8B5051EB25728E5400AF76B9 /* StoredMovie+CoreDataProperties.swift */; };
		8B5051FA2572920200AF76B9 /* ApiClient.swift in Sources */ = {isa = PBXBuildFile; fileRef = 8B5051F92572920200AF76B9 /* ApiClient.swift */; };
		8B5051FB2572920200AF76B9 /* ApiClient.swift in Sources */ = {isa = PBXBuildFile; fileRef = 8B5051F92572920200AF76B9 /* ApiClient.swift */; };
		8B5052002572937400AF76B9 /* ApiClientTests.swift in Sources */ = {isa = PBXBuildFile; fileRef = 8B5051FF2572937400AF76B9 /* ApiClientTests.swift */; };
		8B5052082572B05200AF76B9 /* StorageManager.swift in Sources */ = {isa = PBXBuildFile; fileRef = 8B5052072572B05200AF76B9 /* StorageManager.swift */; };
		8B50520E2572B2C000AF76B9 /* AppError.swift in Sources */ = {isa = PBXBuildFile; fileRef = 8B50520D2572B2C000AF76B9 /* AppError.swift */; };
		8B5052132572B38A00AF76B9 /* Config.swift in Sources */ = {isa = PBXBuildFile; fileRef = 8B5052122572B38A00AF76B9 /* Config.swift */; };
		8B5052182572CB9900AF76B9 /* StoredMovie+Update.swift in Sources */ = {isa = PBXBuildFile; fileRef = 8B5052172572CB9900AF76B9 /* StoredMovie+Update.swift */; };
		8B50521F2572D0EF00AF76B9 /* MovieCell.swift in Sources */ = {isa = PBXBuildFile; fileRef = 8B50521D2572D0EF00AF76B9 /* MovieCell.swift */; };
		8B5052202572D0EF00AF76B9 /* MovieCell.xib in Resources */ = {isa = PBXBuildFile; fileRef = 8B50521E2572D0EF00AF76B9 /* MovieCell.xib */; };
/* End PBXBuildFile section */

/* Begin PBXContainerItemProxy section */
		8B50516525726F7300AF76B9 /* PBXContainerItemProxy */ = {
			isa = PBXContainerItemProxy;
			containerPortal = 8B50514325726F7200AF76B9 /* Project object */;
			proxyType = 1;
			remoteGlobalIDString = 8B50514A25726F7200AF76B9;
			remoteInfo = Movies;
		};
		8B50517025726F7300AF76B9 /* PBXContainerItemProxy */ = {
			isa = PBXContainerItemProxy;
			containerPortal = 8B50514325726F7200AF76B9 /* Project object */;
			proxyType = 1;
			remoteGlobalIDString = 8B50514A25726F7200AF76B9;
			remoteInfo = Movies;
		};
/* End PBXContainerItemProxy section */

/* Begin PBXFileReference section */
		8B50514B25726F7200AF76B9 /* Movies.app */ = {isa = PBXFileReference; explicitFileType = wrapper.application; includeInIndex = 0; path = Movies.app; sourceTree = BUILT_PRODUCTS_DIR; };
		8B50514E25726F7200AF76B9 /* AppDelegate.swift */ = {isa = PBXFileReference; lastKnownFileType = sourcecode.swift; path = AppDelegate.swift; sourceTree = "<group>"; };
		8B50515225726F7200AF76B9 /* ViewController.swift */ = {isa = PBXFileReference; lastKnownFileType = sourcecode.swift; path = ViewController.swift; sourceTree = "<group>"; };
		8B50515525726F7200AF76B9 /* Base */ = {isa = PBXFileReference; lastKnownFileType = file.storyboard; name = Base; path = Base.lproj/Main.storyboard; sourceTree = "<group>"; };
		8B50515825726F7200AF76B9 /* Movies.xcdatamodel */ = {isa = PBXFileReference; lastKnownFileType = wrapper.xcdatamodel; path = Movies.xcdatamodel; sourceTree = "<group>"; };
		8B50515A25726F7200AF76B9 /* Assets.xcassets */ = {isa = PBXFileReference; lastKnownFileType = folder.assetcatalog; path = Assets.xcassets; sourceTree = "<group>"; };
		8B50515D25726F7200AF76B9 /* Base */ = {isa = PBXFileReference; lastKnownFileType = file.storyboard; name = Base; path = Base.lproj/LaunchScreen.storyboard; sourceTree = "<group>"; };
		8B50515F25726F7200AF76B9 /* Info.plist */ = {isa = PBXFileReference; lastKnownFileType = text.plist.xml; path = Info.plist; sourceTree = "<group>"; };
		8B50516425726F7300AF76B9 /* MoviesTests.xctest */ = {isa = PBXFileReference; explicitFileType = wrapper.cfbundle; includeInIndex = 0; path = MoviesTests.xctest; sourceTree = BUILT_PRODUCTS_DIR; };
		8B50516825726F7300AF76B9 /* MoviesTests.swift */ = {isa = PBXFileReference; lastKnownFileType = sourcecode.swift; path = MoviesTests.swift; sourceTree = "<group>"; };
		8B50516A25726F7300AF76B9 /* Info.plist */ = {isa = PBXFileReference; lastKnownFileType = text.plist.xml; path = Info.plist; sourceTree = "<group>"; };
		8B50516F25726F7300AF76B9 /* MoviesUITests.xctest */ = {isa = PBXFileReference; explicitFileType = wrapper.cfbundle; includeInIndex = 0; path = MoviesUITests.xctest; sourceTree = BUILT_PRODUCTS_DIR; };
		8B50517325726F7300AF76B9 /* MoviesUITests.swift */ = {isa = PBXFileReference; lastKnownFileType = sourcecode.swift; path = MoviesUITests.swift; sourceTree = "<group>"; };
		8B50517525726F7300AF76B9 /* Info.plist */ = {isa = PBXFileReference; lastKnownFileType = text.plist.xml; path = Info.plist; sourceTree = "<group>"; };
		8B50518E2572737500AF76B9 /* movie-discover.json */ = {isa = PBXFileReference; lastKnownFileType = text.json; path = "movie-discover.json"; sourceTree = "<group>"; };
		8B5051B42572753100AF76B9 /* Parser.swift */ = {isa = PBXFileReference; lastKnownFileType = sourcecode.swift; path = Parser.swift; sourceTree = "<group>"; };
		8B5051BE2572758200AF76B9 /* Envelope.swift */ = {isa = PBXFileReference; lastKnownFileType = sourcecode.swift; path = Envelope.swift; sourceTree = "<group>"; };
		8B5051CA257275DE00AF76B9 /* Movie.swift */ = {isa = PBXFileReference; lastKnownFileType = sourcecode.swift; path = Movie.swift; sourceTree = "<group>"; };
		8B5051D02572840D00AF76B9 /* search-movies.json */ = {isa = PBXFileReference; lastKnownFileType = text.json; path = "search-movies.json"; sourceTree = "<group>"; };
		8B5051D725728AE600AF76B9 /* MovieDetails.swift */ = {isa = PBXFileReference; lastKnownFileType = sourcecode.swift; path = MovieDetails.swift; sourceTree = "<group>"; };
		8B5051E025728B3C00AF76B9 /* get-movie-details.json */ = {isa = PBXFileReference; lastKnownFileType = text.json; path = "get-movie-details.json"; sourceTree = "<group>"; };
		8B5051EA25728E5400AF76B9 /* StoredMovie+CoreDataClass.swift */ = {isa = PBXFileReference; lastKnownFileType = sourcecode.swift; path = "StoredMovie+CoreDataClass.swift"; sourceTree = "<group>"; };
		8B5051EB25728E5400AF76B9 /* StoredMovie+CoreDataProperties.swift */ = {isa = PBXFileReference; lastKnownFileType = sourcecode.swift; path = "StoredMovie+CoreDataProperties.swift"; sourceTree = "<group>"; };
		8B5051F92572920200AF76B9 /* ApiClient.swift */ = {isa = PBXFileReference; lastKnownFileType = sourcecode.swift; path = ApiClient.swift; sourceTree = "<group>"; };
		8B5051FF2572937400AF76B9 /* ApiClientTests.swift */ = {isa = PBXFileReference; lastKnownFileType = sourcecode.swift; path = ApiClientTests.swift; sourceTree = "<group>"; };
		8B5052072572B05200AF76B9 /* StorageManager.swift */ = {isa = PBXFileReference; lastKnownFileType = sourcecode.swift; path = StorageManager.swift; sourceTree = "<group>"; };
		8B50520D2572B2C000AF76B9 /* AppError.swift */ = {isa = PBXFileReference; lastKnownFileType = sourcecode.swift; path = AppError.swift; sourceTree = "<group>"; };
		8B5052122572B38A00AF76B9 /* Config.swift */ = {isa = PBXFileReference; lastKnownFileType = sourcecode.swift; path = Config.swift; sourceTree = "<group>"; };
		8B5052172572CB9900AF76B9 /* StoredMovie+Update.swift */ = {isa = PBXFileReference; lastKnownFileType = sourcecode.swift; path = "StoredMovie+Update.swift"; sourceTree = "<group>"; };
		8B50521D2572D0EF00AF76B9 /* MovieCell.swift */ = {isa = PBXFileReference; lastKnownFileType = sourcecode.swift; path = MovieCell.swift; sourceTree = "<group>"; };
		8B50521E2572D0EF00AF76B9 /* MovieCell.xib */ = {isa = PBXFileReference; lastKnownFileType = file.xib; path = MovieCell.xib; sourceTree = "<group>"; };
/* End PBXFileReference section */

/* Begin PBXFrameworksBuildPhase section */
		8B50514825726F7200AF76B9 /* Frameworks */ = {
			isa = PBXFrameworksBuildPhase;
			buildActionMask = 2147483647;
			files = (
			);
			runOnlyForDeploymentPostprocessing = 0;
		};
		8B50516125726F7300AF76B9 /* Frameworks */ = {
			isa = PBXFrameworksBuildPhase;
			buildActionMask = 2147483647;
			files = (
			);
			runOnlyForDeploymentPostprocessing = 0;
		};
		8B50516C25726F7300AF76B9 /* Frameworks */ = {
			isa = PBXFrameworksBuildPhase;
			buildActionMask = 2147483647;
			files = (
			);
			runOnlyForDeploymentPostprocessing = 0;
		};
/* End PBXFrameworksBuildPhase section */

/* Begin PBXGroup section */
		8B50514225726F7200AF76B9 = {
			isa = PBXGroup;
			children = (
				8B50514D25726F7200AF76B9 /* Movies */,
				8B50516725726F7300AF76B9 /* MoviesTests */,
				8B50517225726F7300AF76B9 /* MoviesUITests */,
				8B50514C25726F7200AF76B9 /* Products */,
			);
			sourceTree = "<group>";
		};
		8B50514C25726F7200AF76B9 /* Products */ = {
			isa = PBXGroup;
			children = (
				8B50514B25726F7200AF76B9 /* Movies.app */,
				8B50516425726F7300AF76B9 /* MoviesTests.xctest */,
				8B50516F25726F7300AF76B9 /* MoviesUITests.xctest */,
			);
			name = Products;
			sourceTree = "<group>";
		};
		8B50514D25726F7200AF76B9 /* Movies */ = {
			isa = PBXGroup;
			children = (
				8B50521C2572D0D400AF76B9 /* Cells */,
				8B5051B32572750400AF76B9 /* Model */,
				8B50520C2572B2B000AF76B9 /* Etc */,
				8B50514E25726F7200AF76B9 /* AppDelegate.swift */,
				8B50515225726F7200AF76B9 /* ViewController.swift */,
				8B50515425726F7200AF76B9 /* Main.storyboard */,
				8B50515A25726F7200AF76B9 /* Assets.xcassets */,
				8B50515C25726F7200AF76B9 /* LaunchScreen.storyboard */,
				8B50515F25726F7200AF76B9 /* Info.plist */,
				8B50515725726F7200AF76B9 /* Movies.xcdatamodeld */,
			);
			path = Movies;
			sourceTree = "<group>";
		};
		8B50516725726F7300AF76B9 /* MoviesTests */ = {
			isa = PBXGroup;
			children = (
				8B50518D2572734500AF76B9 /* Test Data */,
				8B50516825726F7300AF76B9 /* MoviesTests.swift */,
				8B5051FF2572937400AF76B9 /* ApiClientTests.swift */,
				8B50516A25726F7300AF76B9 /* Info.plist */,
			);
			path = MoviesTests;
			sourceTree = "<group>";
		};
		8B50517225726F7300AF76B9 /* MoviesUITests */ = {
			isa = PBXGroup;
			children = (
				8B50517325726F7300AF76B9 /* MoviesUITests.swift */,
				8B50517525726F7300AF76B9 /* Info.plist */,
			);
			path = MoviesUITests;
			sourceTree = "<group>";
		};
		8B50518D2572734500AF76B9 /* Test Data */ = {
			isa = PBXGroup;
			children = (
				8B50518E2572737500AF76B9 /* movie-discover.json */,
				8B5051D02572840D00AF76B9 /* search-movies.json */,
				8B5051E025728B3C00AF76B9 /* get-movie-details.json */,
			);
			path = "Test Data";
			sourceTree = "<group>";
		};
		8B5051B32572750400AF76B9 /* Model */ = {
			isa = PBXGroup;
			children = (
				8B5051E925728E1900AF76B9 /* Stored Entities */,
				8B5051BD2572756B00AF76B9 /* Entities */,
				8B5051B42572753100AF76B9 /* Parser.swift */,
				8B5051F92572920200AF76B9 /* ApiClient.swift */,
				8B5052072572B05200AF76B9 /* StorageManager.swift */,
			);
			path = Model;
			sourceTree = "<group>";
		};
		8B5051BD2572756B00AF76B9 /* Entities */ = {
			isa = PBXGroup;
			children = (
				8B5051BE2572758200AF76B9 /* Envelope.swift */,
				8B5051CA257275DE00AF76B9 /* Movie.swift */,
				8B5051D725728AE600AF76B9 /* MovieDetails.swift */,
			);
			path = Entities;
			sourceTree = "<group>";
		};
		8B5051E925728E1900AF76B9 /* Stored Entities */ = {
			isa = PBXGroup;
			children = (
				8B5051EA25728E5400AF76B9 /* StoredMovie+CoreDataClass.swift */,
				8B5051EB25728E5400AF76B9 /* StoredMovie+CoreDataProperties.swift */,
				8B5052172572CB9900AF76B9 /* StoredMovie+Update.swift */,
			);
			path = "Stored Entities";
			sourceTree = "<group>";
		};
		8B50520C2572B2B000AF76B9 /* Etc */ = {
			isa = PBXGroup;
			children = (
				8B50520D2572B2C000AF76B9 /* AppError.swift */,
				8B5052122572B38A00AF76B9 /* Config.swift */,
			);
			path = Etc;
			sourceTree = "<group>";
		};
		8B50521C2572D0D400AF76B9 /* Cells */ = {
			isa = PBXGroup;
			children = (
				8B50521D2572D0EF00AF76B9 /* MovieCell.swift */,
				8B50521E2572D0EF00AF76B9 /* MovieCell.xib */,
			);
			path = Cells;
			sourceTree = "<group>";
		};
/* End PBXGroup section */

/* Begin PBXNativeTarget section */
		8B50514A25726F7200AF76B9 /* Movies */ = {
			isa = PBXNativeTarget;
			buildConfigurationList = 8B50517825726F7300AF76B9 /* Build configuration list for PBXNativeTarget "Movies" */;
			buildPhases = (
				8B50514725726F7200AF76B9 /* Sources */,
				8B50514825726F7200AF76B9 /* Frameworks */,
				8B50514925726F7200AF76B9 /* Resources */,
			);
			buildRules = (
			);
			dependencies = (
			);
			name = Movies;
			productName = Movies;
			productReference = 8B50514B25726F7200AF76B9 /* Movies.app */;
			productType = "com.apple.product-type.application";
		};
		8B50516325726F7300AF76B9 /* MoviesTests */ = {
			isa = PBXNativeTarget;
			buildConfigurationList = 8B50517B25726F7300AF76B9 /* Build configuration list for PBXNativeTarget "MoviesTests" */;
			buildPhases = (
				8B50516025726F7300AF76B9 /* Sources */,
				8B50516125726F7300AF76B9 /* Frameworks */,
				8B50516225726F7300AF76B9 /* Resources */,
			);
			buildRules = (
			);
			dependencies = (
				8B50516625726F7300AF76B9 /* PBXTargetDependency */,
			);
			name = MoviesTests;
			productName = MoviesTests;
			productReference = 8B50516425726F7300AF76B9 /* MoviesTests.xctest */;
			productType = "com.apple.product-type.bundle.unit-test";
		};
		8B50516E25726F7300AF76B9 /* MoviesUITests */ = {
			isa = PBXNativeTarget;
			buildConfigurationList = 8B50517E25726F7300AF76B9 /* Build configuration list for PBXNativeTarget "MoviesUITests" */;
			buildPhases = (
				8B50516B25726F7300AF76B9 /* Sources */,
				8B50516C25726F7300AF76B9 /* Frameworks */,
				8B50516D25726F7300AF76B9 /* Resources */,
			);
			buildRules = (
			);
			dependencies = (
				8B50517125726F7300AF76B9 /* PBXTargetDependency */,
			);
			name = MoviesUITests;
			productName = MoviesUITests;
			productReference = 8B50516F25726F7300AF76B9 /* MoviesUITests.xctest */;
			productType = "com.apple.product-type.bundle.ui-testing";
		};
/* End PBXNativeTarget section */

/* Begin PBXProject section */
		8B50514325726F7200AF76B9 /* Project object */ = {
			isa = PBXProject;
			attributes = {
				LastSwiftUpdateCheck = 1220;
				LastUpgradeCheck = 1220;
				TargetAttributes = {
					8B50514A25726F7200AF76B9 = {
						CreatedOnToolsVersion = 12.2;
					};
					8B50516325726F7300AF76B9 = {
						CreatedOnToolsVersion = 12.2;
						TestTargetID = 8B50514A25726F7200AF76B9;
					};
					8B50516E25726F7300AF76B9 = {
						CreatedOnToolsVersion = 12.2;
						TestTargetID = 8B50514A25726F7200AF76B9;
					};
				};
			};
			buildConfigurationList = 8B50514625726F7200AF76B9 /* Build configuration list for PBXProject "Movies" */;
			compatibilityVersion = "Xcode 9.3";
			developmentRegion = en;
			hasScannedForEncodings = 0;
			knownRegions = (
				en,
				Base,
			);
			mainGroup = 8B50514225726F7200AF76B9;
			productRefGroup = 8B50514C25726F7200AF76B9 /* Products */;
			projectDirPath = "";
			projectRoot = "";
			targets = (
				8B50514A25726F7200AF76B9 /* Movies */,
				8B50516325726F7300AF76B9 /* MoviesTests */,
				8B50516E25726F7300AF76B9 /* MoviesUITests */,
			);
		};
/* End PBXProject section */

/* Begin PBXResourcesBuildPhase section */
		8B50514925726F7200AF76B9 /* Resources */ = {
			isa = PBXResourcesBuildPhase;
			buildActionMask = 2147483647;
			files = (
				8B5052202572D0EF00AF76B9 /* MovieCell.xib in Resources */,
				8B5051E125728B3C00AF76B9 /* get-movie-details.json in Resources */,
				8B5051D12572840D00AF76B9 /* search-movies.json in Resources */,
				8B50515E25726F7200AF76B9 /* LaunchScreen.storyboard in Resources */,
				8B50515B25726F7200AF76B9 /* Assets.xcassets in Resources */,
				8B50515625726F7200AF76B9 /* Main.storyboard in Resources */,
			);
			runOnlyForDeploymentPostprocessing = 0;
		};
		8B50516225726F7300AF76B9 /* Resources */ = {
			isa = PBXResourcesBuildPhase;
			buildActionMask = 2147483647;
			files = (
				8B5051D22572840D00AF76B9 /* search-movies.json in Resources */,
				8B5051E225728B3C00AF76B9 /* get-movie-details.json in Resources */,
				8B50518F2572737500AF76B9 /* movie-discover.json in Resources */,
			);
			runOnlyForDeploymentPostprocessing = 0;
		};
		8B50516D25726F7300AF76B9 /* Resources */ = {
			isa = PBXResourcesBuildPhase;
			buildActionMask = 2147483647;
			files = (
			);
			runOnlyForDeploymentPostprocessing = 0;
		};
/* End PBXResourcesBuildPhase section */

/* Begin PBXSourcesBuildPhase section */
		8B50514725726F7200AF76B9 /* Sources */ = {
			isa = PBXSourcesBuildPhase;
			buildActionMask = 2147483647;
			files = (
				8B5051B52572753100AF76B9 /* Parser.swift in Sources */,
				8B5051D825728AE600AF76B9 /* MovieDetails.swift in Sources */,
				8B5052082572B05200AF76B9 /* StorageManager.swift in Sources */,
				8B50515325726F7200AF76B9 /* ViewController.swift in Sources */,
				8B5051CB257275DE00AF76B9 /* Movie.swift in Sources */,
				8B50514F25726F7200AF76B9 /* AppDelegate.swift in Sources */,
				8B5052132572B38A00AF76B9 /* Config.swift in Sources */,
				8B50515925726F7200AF76B9 /* Movies.xcdatamodeld in Sources */,
				8B50521F2572D0EF00AF76B9 /* MovieCell.swift in Sources */,
				8B5051BF2572758200AF76B9 /* Envelope.swift in Sources */,
				8B50520E2572B2C000AF76B9 /* AppError.swift in Sources */,
				8B5051EC25728E5400AF76B9 /* StoredMovie+CoreDataClass.swift in Sources */,
				8B5051EE25728E5400AF76B9 /* StoredMovie+CoreDataProperties.swift in Sources */,
				8B5052182572CB9900AF76B9 /* StoredMovie+Update.swift in Sources */,
				8B5051FA2572920200AF76B9 /* ApiClient.swift in Sources */,
			);
			runOnlyForDeploymentPostprocessing = 0;
		};
		8B50516025726F7300AF76B9 /* Sources */ = {
			isa = PBXSourcesBuildPhase;
			buildActionMask = 2147483647;
			files = (
				8B5051B62572753100AF76B9 /* Parser.swift in Sources */,
				8B5051ED25728E5400AF76B9 /* StoredMovie+CoreDataClass.swift in Sources */,
				8B50516925726F7300AF76B9 /* MoviesTests.swift in Sources */,
				8B5052002572937400AF76B9 /* ApiClientTests.swift in Sources */,
				8B5051FB2572920200AF76B9 /* ApiClient.swift in Sources */,
				8B5051CC257275DE00AF76B9 /* Movie.swift in Sources */,
				8B5051D925728AE600AF76B9 /* MovieDetails.swift in Sources */,
				8B5051EF25728E5400AF76B9 /* StoredMovie+CoreDataProperties.swift in Sources */,
				8B5051C02572758200AF76B9 /* Envelope.swift in Sources */,
			);
			runOnlyForDeploymentPostprocessing = 0;
		};
		8B50516B25726F7300AF76B9 /* Sources */ = {
			isa = PBXSourcesBuildPhase;
			buildActionMask = 2147483647;
			files = (
				8B50517425726F7300AF76B9 /* MoviesUITests.swift in Sources */,
			);
			runOnlyForDeploymentPostprocessing = 0;
		};
/* End PBXSourcesBuildPhase section */

/* Begin PBXTargetDependency section */
		8B50516625726F7300AF76B9 /* PBXTargetDependency */ = {
			isa = PBXTargetDependency;
			target = 8B50514A25726F7200AF76B9 /* Movies */;
			targetProxy = 8B50516525726F7300AF76B9 /* PBXContainerItemProxy */;
		};
		8B50517125726F7300AF76B9 /* PBXTargetDependency */ = {
			isa = PBXTargetDependency;
			target = 8B50514A25726F7200AF76B9 /* Movies */;
			targetProxy = 8B50517025726F7300AF76B9 /* PBXContainerItemProxy */;
		};
/* End PBXTargetDependency section */

/* Begin PBXVariantGroup section */
		8B50515425726F7200AF76B9 /* Main.storyboard */ = {
			isa = PBXVariantGroup;
			children = (
				8B50515525726F7200AF76B9 /* Base */,
			);
			name = Main.storyboard;
			sourceTree = "<group>";
		};
		8B50515C25726F7200AF76B9 /* LaunchScreen.storyboard */ = {
			isa = PBXVariantGroup;
			children = (
				8B50515D25726F7200AF76B9 /* Base */,
			);
			name = LaunchScreen.storyboard;
			sourceTree = "<group>";
		};
/* End PBXVariantGroup section */

/* Begin XCBuildConfiguration section */
		8B50517625726F7300AF76B9 /* Debug */ = {
			isa = XCBuildConfiguration;
			buildSettings = {
				ALWAYS_SEARCH_USER_PATHS = NO;
				CLANG_ANALYZER_NONNULL = YES;
				CLANG_ANALYZER_NUMBER_OBJECT_CONVERSION = YES_AGGRESSIVE;
				CLANG_CXX_LANGUAGE_STANDARD = "gnu++14";
				CLANG_CXX_LIBRARY = "libc++";
				CLANG_ENABLE_MODULES = YES;
				CLANG_ENABLE_OBJC_ARC = YES;
				CLANG_ENABLE_OBJC_WEAK = YES;
				CLANG_WARN_BLOCK_CAPTURE_AUTORELEASING = YES;
				CLANG_WARN_BOOL_CONVERSION = YES;
				CLANG_WARN_COMMA = YES;
				CLANG_WARN_CONSTANT_CONVERSION = YES;
				CLANG_WARN_DEPRECATED_OBJC_IMPLEMENTATIONS = YES;
				CLANG_WARN_DIRECT_OBJC_ISA_USAGE = YES_ERROR;
				CLANG_WARN_DOCUMENTATION_COMMENTS = YES;
				CLANG_WARN_EMPTY_BODY = YES;
				CLANG_WARN_ENUM_CONVERSION = YES;
				CLANG_WARN_INFINITE_RECURSION = YES;
				CLANG_WARN_INT_CONVERSION = YES;
				CLANG_WARN_NON_LITERAL_NULL_CONVERSION = YES;
				CLANG_WARN_OBJC_IMPLICIT_RETAIN_SELF = YES;
				CLANG_WARN_OBJC_LITERAL_CONVERSION = YES;
				CLANG_WARN_OBJC_ROOT_CLASS = YES_ERROR;
				CLANG_WARN_QUOTED_INCLUDE_IN_FRAMEWORK_HEADER = YES;
				CLANG_WARN_RANGE_LOOP_ANALYSIS = YES;
				CLANG_WARN_STRICT_PROTOTYPES = YES;
				CLANG_WARN_SUSPICIOUS_MOVE = YES;
				CLANG_WARN_UNGUARDED_AVAILABILITY = YES_AGGRESSIVE;
				CLANG_WARN_UNREACHABLE_CODE = YES;
				CLANG_WARN__DUPLICATE_METHOD_MATCH = YES;
				COPY_PHASE_STRIP = NO;
				DEBUG_INFORMATION_FORMAT = dwarf;
				ENABLE_STRICT_OBJC_MSGSEND = YES;
				ENABLE_TESTABILITY = YES;
				GCC_C_LANGUAGE_STANDARD = gnu11;
				GCC_DYNAMIC_NO_PIC = NO;
				GCC_NO_COMMON_BLOCKS = YES;
				GCC_OPTIMIZATION_LEVEL = 0;
				GCC_PREPROCESSOR_DEFINITIONS = (
					"DEBUG=1",
					"$(inherited)",
				);
				GCC_WARN_64_TO_32_BIT_CONVERSION = YES;
				GCC_WARN_ABOUT_RETURN_TYPE = YES_ERROR;
				GCC_WARN_UNDECLARED_SELECTOR = YES;
				GCC_WARN_UNINITIALIZED_AUTOS = YES_AGGRESSIVE;
				GCC_WARN_UNUSED_FUNCTION = YES;
				GCC_WARN_UNUSED_VARIABLE = YES;
				IPHONEOS_DEPLOYMENT_TARGET = 14.2;
				MTL_ENABLE_DEBUG_INFO = INCLUDE_SOURCE;
				MTL_FAST_MATH = YES;
				ONLY_ACTIVE_ARCH = YES;
				SDKROOT = iphoneos;
				SWIFT_ACTIVE_COMPILATION_CONDITIONS = DEBUG;
				SWIFT_OPTIMIZATION_LEVEL = "-Onone";
			};
			name = Debug;
		};
		8B50517725726F7300AF76B9 /* Release */ = {
			isa = XCBuildConfiguration;
			buildSettings = {
				ALWAYS_SEARCH_USER_PATHS = NO;
				CLANG_ANALYZER_NONNULL = YES;
				CLANG_ANALYZER_NUMBER_OBJECT_CONVERSION = YES_AGGRESSIVE;
				CLANG_CXX_LANGUAGE_STANDARD = "gnu++14";
				CLANG_CXX_LIBRARY = "libc++";
				CLANG_ENABLE_MODULES = YES;
				CLANG_ENABLE_OBJC_ARC = YES;
				CLANG_ENABLE_OBJC_WEAK = YES;
				CLANG_WARN_BLOCK_CAPTURE_AUTORELEASING = YES;
				CLANG_WARN_BOOL_CONVERSION = YES;
				CLANG_WARN_COMMA = YES;
				CLANG_WARN_CONSTANT_CONVERSION = YES;
				CLANG_WARN_DEPRECATED_OBJC_IMPLEMENTATIONS = YES;
				CLANG_WARN_DIRECT_OBJC_ISA_USAGE = YES_ERROR;
				CLANG_WARN_DOCUMENTATION_COMMENTS = YES;
				CLANG_WARN_EMPTY_BODY = YES;
				CLANG_WARN_ENUM_CONVERSION = YES;
				CLANG_WARN_INFINITE_RECURSION = YES;
				CLANG_WARN_INT_CONVERSION = YES;
				CLANG_WARN_NON_LITERAL_NULL_CONVERSION = YES;
				CLANG_WARN_OBJC_IMPLICIT_RETAIN_SELF = YES;
				CLANG_WARN_OBJC_LITERAL_CONVERSION = YES;
				CLANG_WARN_OBJC_ROOT_CLASS = YES_ERROR;
				CLANG_WARN_QUOTED_INCLUDE_IN_FRAMEWORK_HEADER = YES;
				CLANG_WARN_RANGE_LOOP_ANALYSIS = YES;
				CLANG_WARN_STRICT_PROTOTYPES = YES;
				CLANG_WARN_SUSPICIOUS_MOVE = YES;
				CLANG_WARN_UNGUARDED_AVAILABILITY = YES_AGGRESSIVE;
				CLANG_WARN_UNREACHABLE_CODE = YES;
				CLANG_WARN__DUPLICATE_METHOD_MATCH = YES;
				COPY_PHASE_STRIP = NO;
				DEBUG_INFORMATION_FORMAT = "dwarf-with-dsym";
				ENABLE_NS_ASSERTIONS = NO;
				ENABLE_STRICT_OBJC_MSGSEND = YES;
				GCC_C_LANGUAGE_STANDARD = gnu11;
				GCC_NO_COMMON_BLOCKS = YES;
				GCC_WARN_64_TO_32_BIT_CONVERSION = YES;
				GCC_WARN_ABOUT_RETURN_TYPE = YES_ERROR;
				GCC_WARN_UNDECLARED_SELECTOR = YES;
				GCC_WARN_UNINITIALIZED_AUTOS = YES_AGGRESSIVE;
				GCC_WARN_UNUSED_FUNCTION = YES;
				GCC_WARN_UNUSED_VARIABLE = YES;
				IPHONEOS_DEPLOYMENT_TARGET = 14.2;
				MTL_ENABLE_DEBUG_INFO = NO;
				MTL_FAST_MATH = YES;
				SDKROOT = iphoneos;
				SWIFT_COMPILATION_MODE = wholemodule;
				SWIFT_OPTIMIZATION_LEVEL = "-O";
				VALIDATE_PRODUCT = YES;
			};
			name = Release;
		};
		8B50517925726F7300AF76B9 /* Debug */ = {
			isa = XCBuildConfiguration;
			buildSettings = {
				ASSETCATALOG_COMPILER_APPICON_NAME = AppIcon;
				ASSETCATALOG_COMPILER_GLOBAL_ACCENT_COLOR_NAME = AccentColor;
				CODE_SIGN_STYLE = Automatic;
				INFOPLIST_FILE = Movies/Info.plist;
				IPHONEOS_DEPLOYMENT_TARGET = 13.0;
				LD_RUNPATH_SEARCH_PATHS = (
					"$(inherited)",
					"@executable_path/Frameworks",
				);
				PRODUCT_BUNDLE_IDENTIFIER = in.stant.kon.Movies;
				PRODUCT_NAME = "$(TARGET_NAME)";
				SWIFT_VERSION = 5.0;
				TARGETED_DEVICE_FAMILY = 1;
			};
			name = Debug;
		};
		8B50517A25726F7300AF76B9 /* Release */ = {
			isa = XCBuildConfiguration;
			buildSettings = {
				ASSETCATALOG_COMPILER_APPICON_NAME = AppIcon;
				ASSETCATALOG_COMPILER_GLOBAL_ACCENT_COLOR_NAME = AccentColor;
				CODE_SIGN_STYLE = Automatic;
				INFOPLIST_FILE = Movies/Info.plist;
				IPHONEOS_DEPLOYMENT_TARGET = 13.0;
				LD_RUNPATH_SEARCH_PATHS = (
					"$(inherited)",
					"@executable_path/Frameworks",
				);
				PRODUCT_BUNDLE_IDENTIFIER = in.stant.kon.Movies;
				PRODUCT_NAME = "$(TARGET_NAME)";
				SWIFT_VERSION = 5.0;
				TARGETED_DEVICE_FAMILY = 1;
			};
			name = Release;
		};
		8B50517C25726F7300AF76B9 /* Debug */ = {
			isa = XCBuildConfiguration;
			buildSettings = {
				ALWAYS_EMBED_SWIFT_STANDARD_LIBRARIES = YES;
				BUNDLE_LOADER = "$(TEST_HOST)";
				CODE_SIGN_STYLE = Automatic;
				INFOPLIST_FILE = MoviesTests/Info.plist;
				IPHONEOS_DEPLOYMENT_TARGET = 14.2;
				LD_RUNPATH_SEARCH_PATHS = (
					"$(inherited)",
					"@executable_path/Frameworks",
					"@loader_path/Frameworks",
				);
				PRODUCT_BUNDLE_IDENTIFIER = in.stant.kon.MoviesTests;
				PRODUCT_NAME = "$(TARGET_NAME)";
				SWIFT_VERSION = 5.0;
				TARGETED_DEVICE_FAMILY = "1,2";
				TEST_HOST = "$(BUILT_PRODUCTS_DIR)/Movies.app/Movies";
			};
			name = Debug;
		};
		8B50517D25726F7300AF76B9 /* Release */ = {
			isa = XCBuildConfiguration;
			buildSettings = {
				ALWAYS_EMBED_SWIFT_STANDARD_LIBRARIES = YES;
				BUNDLE_LOADER = "$(TEST_HOST)";
				CODE_SIGN_STYLE = Automatic;
				INFOPLIST_FILE = MoviesTests/Info.plist;
				IPHONEOS_DEPLOYMENT_TARGET = 14.2;
				LD_RUNPATH_SEARCH_PATHS = (
					"$(inherited)",
					"@executable_path/Frameworks",
					"@loader_path/Frameworks",
				);
				PRODUCT_BUNDLE_IDENTIFIER = in.stant.kon.MoviesTests;
				PRODUCT_NAME = "$(TARGET_NAME)";
				SWIFT_VERSION = 5.0;
				TARGETED_DEVICE_FAMILY = "1,2";
				TEST_HOST = "$(BUILT_PRODUCTS_DIR)/Movies.app/Movies";
			};
			name = Release;
		};
		8B50517F25726F7300AF76B9 /* Debug */ = {
			isa = XCBuildConfiguration;
			buildSettings = {
				ALWAYS_EMBED_SWIFT_STANDARD_LIBRARIES = YES;
				CODE_SIGN_STYLE = Automatic;
				INFOPLIST_FILE = MoviesUITests/Info.plist;
				LD_RUNPATH_SEARCH_PATHS = (
					"$(inherited)",
					"@executable_path/Frameworks",
					"@loader_path/Frameworks",
				);
				PRODUCT_BUNDLE_IDENTIFIER = in.stant.kon.MoviesUITests;
				PRODUCT_NAME = "$(TARGET_NAME)";
				SWIFT_VERSION = 5.0;
				TARGETED_DEVICE_FAMILY = "1,2";
				TEST_TARGET_NAME = Movies;
			};
			name = Debug;
		};
		8B50518025726F7300AF76B9 /* Release */ = {
			isa = XCBuildConfiguration;
			buildSettings = {
				ALWAYS_EMBED_SWIFT_STANDARD_LIBRARIES = YES;
				CODE_SIGN_STYLE = Automatic;
				INFOPLIST_FILE = MoviesUITests/Info.plist;
				LD_RUNPATH_SEARCH_PATHS = (
					"$(inherited)",
					"@executable_path/Frameworks",
					"@loader_path/Frameworks",
				);
				PRODUCT_BUNDLE_IDENTIFIER = in.stant.kon.MoviesUITests;
				PRODUCT_NAME = "$(TARGET_NAME)";
				SWIFT_VERSION = 5.0;
				TARGETED_DEVICE_FAMILY = "1,2";
				TEST_TARGET_NAME = Movies;
			};
			name = Release;
		};
/* End XCBuildConfiguration section */

/* Begin XCConfigurationList section */
		8B50514625726F7200AF76B9 /* Build configuration list for PBXProject "Movies" */ = {
			isa = XCConfigurationList;
			buildConfigurations = (
				8B50517625726F7300AF76B9 /* Debug */,
				8B50517725726F7300AF76B9 /* Release */,
			);
			defaultConfigurationIsVisible = 0;
			defaultConfigurationName = Release;
		};
		8B50517825726F7300AF76B9 /* Build configuration list for PBXNativeTarget "Movies" */ = {
			isa = XCConfigurationList;
			buildConfigurations = (
				8B50517925726F7300AF76B9 /* Debug */,
				8B50517A25726F7300AF76B9 /* Release */,
			);
			defaultConfigurationIsVisible = 0;
			defaultConfigurationName = Release;
		};
		8B50517B25726F7300AF76B9 /* Build configuration list for PBXNativeTarget "MoviesTests" */ = {
			isa = XCConfigurationList;
			buildConfigurations = (
				8B50517C25726F7300AF76B9 /* Debug */,
				8B50517D25726F7300AF76B9 /* Release */,
			);
			defaultConfigurationIsVisible = 0;
			defaultConfigurationName = Release;
		};
		8B50517E25726F7300AF76B9 /* Build configuration list for PBXNativeTarget "MoviesUITests" */ = {
			isa = XCConfigurationList;
			buildConfigurations = (
				8B50517F25726F7300AF76B9 /* Debug */,
				8B50518025726F7300AF76B9 /* Release */,
			);
			defaultConfigurationIsVisible = 0;
			defaultConfigurationName = Release;
		};
/* End XCConfigurationList section */

/* Begin XCVersionGroup section */
		8B50515725726F7200AF76B9 /* Movies.xcdatamodeld */ = {
			isa = XCVersionGroup;
			children = (
				8B50515825726F7200AF76B9 /* Movies.xcdatamodel */,
			);
			currentVersion = 8B50515825726F7200AF76B9 /* Movies.xcdatamodel */;
			path = Movies.xcdatamodeld;
			sourceTree = "<group>";
			versionGroupType = wrapper.xcdatamodel;
		};
/* End XCVersionGroup section */
	};
	rootObject = 8B50514325726F7200AF76B9 /* Project object */;
}
